// !$*UTF8*$!
{
	archiveVersion = 1;
	classes = {
	};
	objectVersion = 50;
	objects = {

/* Begin PBXBuildFile section */
		B3127CE226FB8568006EE202 /* menuViewControllerCollectionViewController.swift in Sources */ = {isa = PBXBuildFile; fileRef = B3127CE126FB8568006EE202 /* menuViewControllerCollectionViewController.swift */; };
		B3127CE526FB868F006EE202 /* MenuCellCollectionViewCell.swift in Sources */ = {isa = PBXBuildFile; fileRef = B3127CE326FB868F006EE202 /* MenuCellCollectionViewCell.swift */; };
		B3127CE626FB868F006EE202 /* MenuCellCollectionViewCell.xib in Resources */ = {isa = PBXBuildFile; fileRef = B3127CE426FB868F006EE202 /* MenuCellCollectionViewCell.xib */; };
		B3127D0A26FE2F4D006EE202 /* MenuSelectViewController.swift in Sources */ = {isa = PBXBuildFile; fileRef = B3127D0926FE2F4D006EE202 /* MenuSelectViewController.swift */; };
		B38691C526EBC13A00521B59 /* AppDelegate.swift in Sources */ = {isa = PBXBuildFile; fileRef = B38691C426EBC13A00521B59 /* AppDelegate.swift */; };
		B38691C726EBC13A00521B59 /* SceneDelegate.swift in Sources */ = {isa = PBXBuildFile; fileRef = B38691C626EBC13A00521B59 /* SceneDelegate.swift */; };
		B38691C926EBC13A00521B59 /* ViewController.swift in Sources */ = {isa = PBXBuildFile; fileRef = B38691C826EBC13A00521B59 /* ViewController.swift */; };
		B38691CC26EBC13A00521B59 /* Main.storyboard in Resources */ = {isa = PBXBuildFile; fileRef = B38691CA26EBC13A00521B59 /* Main.storyboard */; };
		B38691CE26EBC13A00521B59 /* Assets.xcassets in Resources */ = {isa = PBXBuildFile; fileRef = B38691CD26EBC13A00521B59 /* Assets.xcassets */; };
		B38691D126EBC13A00521B59 /* LaunchScreen.storyboard in Resources */ = {isa = PBXBuildFile; fileRef = B38691CF26EBC13A00521B59 /* LaunchScreen.storyboard */; };
/* End PBXBuildFile section */

/* Begin PBXFileReference section */
		B3127CE126FB8568006EE202 /* menuViewControllerCollectionViewController.swift */ = {isa = PBXFileReference; lastKnownFileType = sourcecode.swift; path = menuViewControllerCollectionViewController.swift; sourceTree = "<group>"; };
		B3127CE326FB868F006EE202 /* MenuCellCollectionViewCell.swift */ = {isa = PBXFileReference; lastKnownFileType = sourcecode.swift; path = MenuCellCollectionViewCell.swift; sourceTree = "<group>"; };
		B3127CE426FB868F006EE202 /* MenuCellCollectionViewCell.xib */ = {isa = PBXFileReference; lastKnownFileType = file.xib; path = MenuCellCollectionViewCell.xib; sourceTree = "<group>"; };
		B3127D0926FE2F4D006EE202 /* MenuSelectViewController.swift */ = {isa = PBXFileReference; lastKnownFileType = sourcecode.swift; path = MenuSelectViewController.swift; sourceTree = "<group>"; };
		B38691C126EBC13A00521B59 /* Cup Of Joe.app */ = {isa = PBXFileReference; explicitFileType = wrapper.application; includeInIndex = 0; path = "Cup Of Joe.app"; sourceTree = BUILT_PRODUCTS_DIR; };
		B38691C426EBC13A00521B59 /* AppDelegate.swift */ = {isa = PBXFileReference; lastKnownFileType = sourcecode.swift; path = AppDelegate.swift; sourceTree = "<group>"; };
		B38691C626EBC13A00521B59 /* SceneDelegate.swift */ = {isa = PBXFileReference; lastKnownFileType = sourcecode.swift; path = SceneDelegate.swift; sourceTree = "<group>"; };
		B38691C826EBC13A00521B59 /* ViewController.swift */ = {isa = PBXFileReference; lastKnownFileType = sourcecode.swift; path = ViewController.swift; sourceTree = "<group>"; };
		B38691CB26EBC13A00521B59 /* Base */ = {isa = PBXFileReference; lastKnownFileType = file.storyboard; name = Base; path = Base.lproj/Main.storyboard; sourceTree = "<group>"; };
		B38691CD26EBC13A00521B59 /* Assets.xcassets */ = {isa = PBXFileReference; lastKnownFileType = folder.assetcatalog; path = Assets.xcassets; sourceTree = "<group>"; };
		B38691D026EBC13A00521B59 /* Base */ = {isa = PBXFileReference; lastKnownFileType = file.storyboard; name = Base; path = Base.lproj/LaunchScreen.storyboard; sourceTree = "<group>"; };
		B38691D226EBC13A00521B59 /* Info.plist */ = {isa = PBXFileReference; lastKnownFileType = text.plist.xml; path = Info.plist; sourceTree = "<group>"; };
/* End PBXFileReference section */

/* Begin PBXFrameworksBuildPhase section */
		B38691BE26EBC13A00521B59 /* Frameworks */ = {
			isa = PBXFrameworksBuildPhase;
			buildActionMask = 2147483647;
			files = (
			);
			runOnlyForDeploymentPostprocessing = 0;
		};
/* End PBXFrameworksBuildPhase section */

/* Begin PBXGroup section */
		B38691B826EBC13A00521B59 = {
			isa = PBXGroup;
			children = (
				B38691C326EBC13A00521B59 /* Cup Of Joe */,
				B38691C226EBC13A00521B59 /* Products */,
			);
			sourceTree = "<group>";
		};
		B38691C226EBC13A00521B59 /* Products */ = {
			isa = PBXGroup;
			children = (
				B38691C126EBC13A00521B59 /* Cup Of Joe.app */,
			);
			name = Products;
			sourceTree = "<group>";
		};
		B38691C326EBC13A00521B59 /* Cup Of Joe */ = {
			isa = PBXGroup;
			children = (
				B38691C426EBC13A00521B59 /* AppDelegate.swift */,
				B38691C626EBC13A00521B59 /* SceneDelegate.swift */,
				B38691C826EBC13A00521B59 /* ViewController.swift */,
				B38691CA26EBC13A00521B59 /* Main.storyboard */,
				B3127CE326FB868F006EE202 /* MenuCellCollectionViewCell.swift */,
				B3127CE426FB868F006EE202 /* MenuCellCollectionViewCell.xib */,
				B3127CE126FB8568006EE202 /* menuViewControllerCollectionViewController.swift */,
				B3127D0926FE2F4D006EE202 /* MenuSelectViewController.swift */,
				B38691CD26EBC13A00521B59 /* Assets.xcassets */,
				B38691CF26EBC13A00521B59 /* LaunchScreen.storyboard */,
				B38691D226EBC13A00521B59 /* Info.plist */,
			);
			path = "Cup Of Joe";
			sourceTree = "<group>";
		};
/* End PBXGroup section */

/* Begin PBXNativeTarget section */
		B38691C026EBC13A00521B59 /* Cup Of Joe */ = {
			isa = PBXNativeTarget;
			buildConfigurationList = B38691D526EBC13A00521B59 /* Build configuration list for PBXNativeTarget "Cup Of Joe" */;
			buildPhases = (
				B38691BD26EBC13A00521B59 /* Sources */,
				B38691BE26EBC13A00521B59 /* Frameworks */,
				B38691BF26EBC13A00521B59 /* Resources */,
			);
			buildRules = (
			);
			dependencies = (
			);
			name = "Cup Of Joe";
			productName = "Cup Of Joe";
			productReference = B38691C126EBC13A00521B59 /* Cup Of Joe.app */;
			productType = "com.apple.product-type.application";
		};
/* End PBXNativeTarget section */

/* Begin PBXProject section */
		B38691B926EBC13A00521B59 /* Project object */ = {
			isa = PBXProject;
			attributes = {
				LastSwiftUpdateCheck = 1250;
				LastUpgradeCheck = 1250;
				TargetAttributes = {
					B38691C026EBC13A00521B59 = {
						CreatedOnToolsVersion = 12.5.1;
					};
				};
			};
			buildConfigurationList = B38691BC26EBC13A00521B59 /* Build configuration list for PBXProject "Cup Of Joe" */;
			compatibilityVersion = "Xcode 9.3";
			developmentRegion = en;
			hasScannedForEncodings = 0;
			knownRegions = (
				en,
				Base,
			);
			mainGroup = B38691B826EBC13A00521B59;
			productRefGroup = B38691C226EBC13A00521B59 /* Products */;
			projectDirPath = "";
			projectRoot = "";
			targets = (
				B38691C026EBC13A00521B59 /* Cup Of Joe */,
			);
		};
/* End PBXProject section */

/* Begin PBXResourcesBuildPhase section */
		B38691BF26EBC13A00521B59 /* Resources */ = {
			isa = PBXResourcesBuildPhase;
			buildActionMask = 2147483647;
			files = (
				B38691D126EBC13A00521B59 /* LaunchScreen.storyboard in Resources */,
				B38691CE26EBC13A00521B59 /* Assets.xcassets in Resources */,
				B38691CC26EBC13A00521B59 /* Main.storyboard in Resources */,
				B3127CE626FB868F006EE202 /* MenuCellCollectionViewCell.xib in Resources */,
			);
			runOnlyForDeploymentPostprocessing = 0;
		};
/* End PBXResourcesBuildPhase section */

/* Begin PBXSourcesBuildPhase section */
		B38691BD26EBC13A00521B59 /* Sources */ = {
			isa = PBXSourcesBuildPhase;
			buildActionMask = 2147483647;
			files = (
				B38691C926EBC13A00521B59 /* ViewController.swift in Sources */,
				B3127D0A26FE2F4D006EE202 /* MenuSelectViewController.swift in Sources */,
				B3127CE526FB868F006EE202 /* MenuCellCollectionViewCell.swift in Sources */,
				B38691C526EBC13A00521B59 /* AppDelegate.swift in Sources */,
				B3127CE226FB8568006EE202 /* menuViewControllerCollectionViewController.swift in Sources */,
				B38691C726EBC13A00521B59 /* SceneDelegate.swift in Sources */,
			);
			runOnlyForDeploymentPostprocessing = 0;
		};
/* End PBXSourcesBuildPhase section */

/* Begin PBXVariantGroup section */
		B38691CA26EBC13A00521B59 /* Main.storyboard */ = {
			isa = PBXVariantGroup;
			children = (
				B38691CB26EBC13A00521B59 /* Base */,
			);
			name = Main.storyboard;
			sourceTree = "<group>";
		};
		B38691CF26EBC13A00521B59 /* LaunchScreen.storyboard */ = {
			isa = PBXVariantGroup;
			children = (
				B38691D026EBC13A00521B59 /* Base */,
			);
			name = LaunchScreen.storyboard;
			sourceTree = "<group>";
		};
/* End PBXVariantGroup section */

/* Begin XCBuildConfiguration section */
		B38691D326EBC13A00521B59 /* Debug */ = {
			isa = XCBuildConfiguration;
			buildSettings = {
				ALWAYS_SEARCH_USER_PATHS = NO;
				CLANG_ANALYZER_NONNULL = YES;
				CLANG_ANALYZER_NUMBER_OBJECT_CONVERSION = YES_AGGRESSIVE;
				CLANG_CXX_LANGUAGE_STANDARD = "gnu++14";
				CLANG_CXX_LIBRARY = "libc++";
				CLANG_ENABLE_MODULES = YES;
				CLANG_ENABLE_OBJC_ARC = YES;
				CLANG_ENABLE_OBJC_WEAK = YES;
				CLANG_WARN_BLOCK_CAPTURE_AUTORELEASING = YES;
				CLANG_WARN_BOOL_CONVERSION = YES;
				CLANG_WARN_COMMA = YES;
				CLANG_WARN_CONSTANT_CONVERSION = YES;
				CLANG_WARN_DEPRECATED_OBJC_IMPLEMENTATIONS = YES;
				CLANG_WARN_DIRECT_OBJC_ISA_USAGE = YES_ERROR;
				CLANG_WARN_DOCUMENTATION_COMMENTS = YES;
				CLANG_WARN_EMPTY_BODY = YES;
				CLANG_WARN_ENUM_CONVERSION = YES;
				CLANG_WARN_INFINITE_RECURSION = YES;
				CLANG_WARN_INT_CONVERSION = YES;
				CLANG_WARN_NON_LITERAL_NULL_CONVERSION = YES;
				CLANG_WARN_OBJC_IMPLICIT_RETAIN_SELF = YES;
				CLANG_WARN_OBJC_LITERAL_CONVERSION = YES;
				CLANG_WARN_OBJC_ROOT_CLASS = YES_ERROR;
				CLANG_WARN_QUOTED_INCLUDE_IN_FRAMEWORK_HEADER = YES;
				CLANG_WARN_RANGE_LOOP_ANALYSIS = YES;
				CLANG_WARN_STRICT_PROTOTYPES = YES;
				CLANG_WARN_SUSPICIOUS_MOVE = YES;
				CLANG_WARN_UNGUARDED_AVAILABILITY = YES_AGGRESSIVE;
				CLANG_WARN_UNREACHABLE_CODE = YES;
				CLANG_WARN__DUPLICATE_METHOD_MATCH = YES;
				COPY_PHASE_STRIP = NO;
				DEBUG_INFORMATION_FORMAT = dwarf;
				ENABLE_STRICT_OBJC_MSGSEND = YES;
				ENABLE_TESTABILITY = YES;
				GCC_C_LANGUAGE_STANDARD = gnu11;
				GCC_DYNAMIC_NO_PIC = NO;
				GCC_NO_COMMON_BLOCKS = YES;
				GCC_OPTIMIZATION_LEVEL = 0;
				GCC_PREPROCESSOR_DEFINITIONS = (
					"DEBUG=1",
					"$(inherited)",
				);
				GCC_WARN_64_TO_32_BIT_CONVERSION = YES;
				GCC_WARN_ABOUT_RETURN_TYPE = YES_ERROR;
				GCC_WARN_UNDECLARED_SELECTOR = YES;
				GCC_WARN_UNINITIALIZED_AUTOS = YES_AGGRESSIVE;
				GCC_WARN_UNUSED_FUNCTION = YES;
				GCC_WARN_UNUSED_VARIABLE = YES;
				IPHONEOS_DEPLOYMENT_TARGET = 14.5;
				MTL_ENABLE_DEBUG_INFO = INCLUDE_SOURCE;
				MTL_FAST_MATH = YES;
				ONLY_ACTIVE_ARCH = YES;
				SDKROOT = iphoneos;
				SWIFT_ACTIVE_COMPILATION_CONDITIONS = DEBUG;
				SWIFT_OPTIMIZATION_LEVEL = "-Onone";
			};
			name = Debug;
		};
		B38691D426EBC13A00521B59 /* Release */ = {
			isa = XCBuildConfiguration;
			buildSettings = {
				ALWAYS_SEARCH_USER_PATHS = NO;
				CLANG_ANALYZER_NONNULL = YES;
				CLANG_ANALYZER_NUMBER_OBJECT_CONVERSION = YES_AGGRESSIVE;
				CLANG_CXX_LANGUAGE_STANDARD = "gnu++14";
				CLANG_CXX_LIBRARY = "libc++";
				CLANG_ENABLE_MODULES = YES;
				CLANG_ENABLE_OBJC_ARC = YES;
				CLANG_ENABLE_OBJC_WEAK = YES;
				CLANG_WARN_BLOCK_CAPTURE_AUTORELEASING = YES;
				CLANG_WARN_BOOL_CONVERSION = YES;
				CLANG_WARN_COMMA = YES;
				CLANG_WARN_CONSTANT_CONVERSION = YES;
				CLANG_WARN_DEPRECATED_OBJC_IMPLEMENTATIONS = YES;
				CLANG_WARN_DIRECT_OBJC_ISA_USAGE = YES_ERROR;
				CLANG_WARN_DOCUMENTATION_COMMENTS = YES;
				CLANG_WARN_EMPTY_BODY = YES;
				CLANG_WARN_ENUM_CONVERSION = YES;
				CLANG_WARN_INFINITE_RECURSION = YES;
				CLANG_WARN_INT_CONVERSION = YES;
				CLANG_WARN_NON_LITERAL_NULL_CONVERSION = YES;
				CLANG_WARN_OBJC_IMPLICIT_RETAIN_SELF = YES;
				CLANG_WARN_OBJC_LITERAL_CONVERSION = YES;
				CLANG_WARN_OBJC_ROOT_CLASS = YES_ERROR;
				CLANG_WARN_QUOTED_INCLUDE_IN_FRAMEWORK_HEADER = YES;
				CLANG_WARN_RANGE_LOOP_ANALYSIS = YES;
				CLANG_WARN_STRICT_PROTOTYPES = YES;
				CLANG_WARN_SUSPICIOUS_MOVE = YES;
				CLANG_WARN_UNGUARDED_AVAILABILITY = YES_AGGRESSIVE;
				CLANG_WARN_UNREACHABLE_CODE = YES;
				CLANG_WARN__DUPLICATE_METHOD_MATCH = YES;
				COPY_PHASE_STRIP = NO;
				DEBUG_INFORMATION_FORMAT = "dwarf-with-dsym";
				ENABLE_NS_ASSERTIONS = NO;
				ENABLE_STRICT_OBJC_MSGSEND = YES;
				GCC_C_LANGUAGE_STANDARD = gnu11;
				GCC_NO_COMMON_BLOCKS = YES;
				GCC_WARN_64_TO_32_BIT_CONVERSION = YES;
				GCC_WARN_ABOUT_RETURN_TYPE = YES_ERROR;
				GCC_WARN_UNDECLARED_SELECTOR = YES;
				GCC_WARN_UNINITIALIZED_AUTOS = YES_AGGRESSIVE;
				GCC_WARN_UNUSED_FUNCTION = YES;
				GCC_WARN_UNUSED_VARIABLE = YES;
				IPHONEOS_DEPLOYMENT_TARGET = 14.5;
				MTL_ENABLE_DEBUG_INFO = NO;
				MTL_FAST_MATH = YES;
				SDKROOT = iphoneos;
				SWIFT_COMPILATION_MODE = wholemodule;
				SWIFT_OPTIMIZATION_LEVEL = "-O";
				VALIDATE_PRODUCT = YES;
			};
			name = Release;
		};
		B38691D626EBC13A00521B59 /* Debug */ = {
			isa = XCBuildConfiguration;
			buildSettings = {
				ASSETCATALOG_COMPILER_APPICON_NAME = AppIcon;
				ASSETCATALOG_COMPILER_GLOBAL_ACCENT_COLOR_NAME = AccentColor;
				CODE_SIGN_STYLE = Automatic;
				DEVELOPMENT_TEAM = CMADG2L3X7;
				INFOPLIST_FILE = "Cup Of Joe/Info.plist";
				IPHONEOS_DEPLOYMENT_TARGET = 14.3;
				LD_RUNPATH_SEARCH_PATHS = (
					"$(inherited)",
					"@executable_path/Frameworks",
				);
				PRODUCT_BUNDLE_IDENTIFIER = "Cup-Of-Joe.Futures-Lab";
				PRODUCT_NAME = "$(TARGET_NAME)";
				SWIFT_VERSION = 5.0;
				TARGETED_DEVICE_FAMILY = "1,2";
			};
			name = Debug;
		};
		B38691D726EBC13A00521B59 /* Release */ = {
			isa = XCBuildConfiguration;
			buildSettings = {
				ASSETCATALOG_COMPILER_APPICON_NAME = AppIcon;
				ASSETCATALOG_COMPILER_GLOBAL_ACCENT_COLOR_NAME = AccentColor;
				CODE_SIGN_STYLE = Automatic;
				DEVELOPMENT_TEAM = CMADG2L3X7;
				INFOPLIST_FILE = "Cup Of Joe/Info.plist";
				IPHONEOS_DEPLOYMENT_TARGET = 14.3;
				LD_RUNPATH_SEARCH_PATHS = (
					"$(inherited)",
					"@executable_path/Frameworks",
				);
				PRODUCT_BUNDLE_IDENTIFIER = "Cup-Of-Joe.Futures-Lab";
				PRODUCT_NAME = "$(TARGET_NAME)";
				SWIFT_VERSION = 5.0;
				TARGETED_DEVICE_FAMILY = "1,2";
			};
			name = Release;
		};
/* End XCBuildConfiguration section */

/* Begin XCConfigurationList section */
		B38691BC26EBC13A00521B59 /* Build configuration list for PBXProject "Cup Of Joe" */ = {
			isa = XCConfigurationList;
			buildConfigurations = (
				B38691D326EBC13A00521B59 /* Debug */,
				B38691D426EBC13A00521B59 /* Release */,
			);
			defaultConfigurationIsVisible = 0;
			defaultConfigurationName = Release;
		};
		B38691D526EBC13A00521B59 /* Build configuration list for PBXNativeTarget "Cup Of Joe" */ = {
			isa = XCConfigurationList;
			buildConfigurations = (
				B38691D626EBC13A00521B59 /* Debug */,
				B38691D726EBC13A00521B59 /* Release */,
			);
			defaultConfigurationIsVisible = 0;
			defaultConfigurationName = Release;
		};
/* End XCConfigurationList section */
	};
	rootObject = B38691B926EBC13A00521B59 /* Project object */;
}
